// !$*UTF8*$!
{
	archiveVersion = 1;
	classes = {
	};
	objectVersion = 50;
	objects = {

/* Begin PBXBuildFile section */
		73C6B5D624B17A670070F22B /* AppDelegate.swift in Sources */ = {isa = PBXBuildFile; fileRef = 73C6B5D524B17A670070F22B /* AppDelegate.swift */; };
		73C6B5D824B17A670070F22B /* SceneDelegate.swift in Sources */ = {isa = PBXBuildFile; fileRef = 73C6B5D724B17A670070F22B /* SceneDelegate.swift */; };
		73C6B5DA24B17A670070F22B /* ViewController.swift in Sources */ = {isa = PBXBuildFile; fileRef = 73C6B5D924B17A670070F22B /* ViewController.swift */; };
		73C6B5DD24B17A670070F22B /* Main.storyboard in Resources */ = {isa = PBXBuildFile; fileRef = 73C6B5DB24B17A670070F22B /* Main.storyboard */; };
		73C6B5DF24B17A680070F22B /* Assets.xcassets in Resources */ = {isa = PBXBuildFile; fileRef = 73C6B5DE24B17A680070F22B /* Assets.xcassets */; };
		73C6B5E224B17A680070F22B /* LaunchScreen.storyboard in Resources */ = {isa = PBXBuildFile; fileRef = 73C6B5E024B17A680070F22B /* LaunchScreen.storyboard */; };
		73C6B5ED24B17A680070F22B /* WordScrambleTests.swift in Sources */ = {isa = PBXBuildFile; fileRef = 73C6B5EC24B17A680070F22B /* WordScrambleTests.swift */; };
		73C6B5F824B17A680070F22B /* WordScrambleUITests.swift in Sources */ = {isa = PBXBuildFile; fileRef = 73C6B5F724B17A680070F22B /* WordScrambleUITests.swift */; };
		73C6B60624B17C600070F22B /* start.txt in Resources */ = {isa = PBXBuildFile; fileRef = 73C6B60524B17C600070F22B /* start.txt */; };
/* End PBXBuildFile section */

/* Begin PBXContainerItemProxy section */
		73C6B5E924B17A680070F22B /* PBXContainerItemProxy */ = {
			isa = PBXContainerItemProxy;
			containerPortal = 73C6B5CA24B17A670070F22B /* Project object */;
			proxyType = 1;
			remoteGlobalIDString = 73C6B5D124B17A670070F22B;
			remoteInfo = WordScramble;
		};
		73C6B5F424B17A680070F22B /* PBXContainerItemProxy */ = {
			isa = PBXContainerItemProxy;
			containerPortal = 73C6B5CA24B17A670070F22B /* Project object */;
			proxyType = 1;
			remoteGlobalIDString = 73C6B5D124B17A670070F22B;
			remoteInfo = WordScramble;
		};
/* End PBXContainerItemProxy section */

/* Begin PBXFileReference section */
		73C6B5D224B17A670070F22B /* WordScramble.app */ = {isa = PBXFileReference; explicitFileType = wrapper.application; includeInIndex = 0; path = WordScramble.app; sourceTree = BUILT_PRODUCTS_DIR; };
		73C6B5D524B17A670070F22B /* AppDelegate.swift */ = {isa = PBXFileReference; lastKnownFileType = sourcecode.swift; path = AppDelegate.swift; sourceTree = "<group>"; };
		73C6B5D724B17A670070F22B /* SceneDelegate.swift */ = {isa = PBXFileReference; lastKnownFileType = sourcecode.swift; path = SceneDelegate.swift; sourceTree = "<group>"; };
		73C6B5D924B17A670070F22B /* ViewController.swift */ = {isa = PBXFileReference; lastKnownFileType = sourcecode.swift; path = ViewController.swift; sourceTree = "<group>"; };
		73C6B5DC24B17A670070F22B /* Base */ = {isa = PBXFileReference; lastKnownFileType = file.storyboard; name = Base; path = Base.lproj/Main.storyboard; sourceTree = "<group>"; };
		73C6B5DE24B17A680070F22B /* Assets.xcassets */ = {isa = PBXFileReference; lastKnownFileType = folder.assetcatalog; path = Assets.xcassets; sourceTree = "<group>"; };
		73C6B5E124B17A680070F22B /* Base */ = {isa = PBXFileReference; lastKnownFileType = file.storyboard; name = Base; path = Base.lproj/LaunchScreen.storyboard; sourceTree = "<group>"; };
		73C6B5E324B17A680070F22B /* Info.plist */ = {isa = PBXFileReference; lastKnownFileType = text.plist.xml; path = Info.plist; sourceTree = "<group>"; };
		73C6B5E824B17A680070F22B /* WordScrambleTests.xctest */ = {isa = PBXFileReference; explicitFileType = wrapper.cfbundle; includeInIndex = 0; path = WordScrambleTests.xctest; sourceTree = BUILT_PRODUCTS_DIR; };
		73C6B5EC24B17A680070F22B /* WordScrambleTests.swift */ = {isa = PBXFileReference; lastKnownFileType = sourcecode.swift; path = WordScrambleTests.swift; sourceTree = "<group>"; };
		73C6B5EE24B17A680070F22B /* Info.plist */ = {isa = PBXFileReference; lastKnownFileType = text.plist.xml; path = Info.plist; sourceTree = "<group>"; };
		73C6B5F324B17A680070F22B /* WordScrambleUITests.xctest */ = {isa = PBXFileReference; explicitFileType = wrapper.cfbundle; includeInIndex = 0; path = WordScrambleUITests.xctest; sourceTree = BUILT_PRODUCTS_DIR; };
		73C6B5F724B17A680070F22B /* WordScrambleUITests.swift */ = {isa = PBXFileReference; lastKnownFileType = sourcecode.swift; path = WordScrambleUITests.swift; sourceTree = "<group>"; };
		73C6B5F924B17A680070F22B /* Info.plist */ = {isa = PBXFileReference; lastKnownFileType = text.plist.xml; path = Info.plist; sourceTree = "<group>"; };
		73C6B60524B17C600070F22B /* start.txt */ = {isa = PBXFileReference; lastKnownFileType = text; path = start.txt; sourceTree = "<group>"; };
/* End PBXFileReference section */

/* Begin PBXFrameworksBuildPhase section */
		73C6B5CF24B17A670070F22B /* Frameworks */ = {
			isa = PBXFrameworksBuildPhase;
			buildActionMask = 2147483647;
			files = (
			);
			runOnlyForDeploymentPostprocessing = 0;
		};
		73C6B5E524B17A680070F22B /* Frameworks */ = {
			isa = PBXFrameworksBuildPhase;
			buildActionMask = 2147483647;
			files = (
			);
			runOnlyForDeploymentPostprocessing = 0;
		};
		73C6B5F024B17A680070F22B /* Frameworks */ = {
			isa = PBXFrameworksBuildPhase;
			buildActionMask = 2147483647;
			files = (
			);
			runOnlyForDeploymentPostprocessing = 0;
		};
/* End PBXFrameworksBuildPhase section */

/* Begin PBXGroup section */
		73C6B5C924B17A670070F22B = {
			isa = PBXGroup;
			children = (
				73C6B5D424B17A670070F22B /* WordScramble */,
				73C6B5EB24B17A680070F22B /* WordScrambleTests */,
				73C6B5F624B17A680070F22B /* WordScrambleUITests */,
				73C6B5D324B17A670070F22B /* Products */,
			);
			sourceTree = "<group>";
		};
		73C6B5D324B17A670070F22B /* Products */ = {
			isa = PBXGroup;
			children = (
				73C6B5D224B17A670070F22B /* WordScramble.app */,
				73C6B5E824B17A680070F22B /* WordScrambleTests.xctest */,
				73C6B5F324B17A680070F22B /* WordScrambleUITests.xctest */,
			);
			name = Products;
			sourceTree = "<group>";
		};
		73C6B5D424B17A670070F22B /* WordScramble */ = {
			isa = PBXGroup;
			children = (
				73C6B5D524B17A670070F22B /* AppDelegate.swift */,
				73C6B5D724B17A670070F22B /* SceneDelegate.swift */,
				73C6B5D924B17A670070F22B /* ViewController.swift */,
				73C6B5DB24B17A670070F22B /* Main.storyboard */,
				73C6B5DE24B17A680070F22B /* Assets.xcassets */,
				73C6B5E024B17A680070F22B /* LaunchScreen.storyboard */,
				73C6B5E324B17A680070F22B /* Info.plist */,
				73C6B60524B17C600070F22B /* start.txt */,
			);
			path = WordScramble;
			sourceTree = "<group>";
		};
		73C6B5EB24B17A680070F22B /* WordScrambleTests */ = {
			isa = PBXGroup;
			children = (
				73C6B5EC24B17A680070F22B /* WordScrambleTests.swift */,
				73C6B5EE24B17A680070F22B /* Info.plist */,
			);
			path = WordScrambleTests;
			sourceTree = "<group>";
		};
		73C6B5F624B17A680070F22B /* WordScrambleUITests */ = {
			isa = PBXGroup;
			children = (
				73C6B5F724B17A680070F22B /* WordScrambleUITests.swift */,
				73C6B5F924B17A680070F22B /* Info.plist */,
			);
			path = WordScrambleUITests;
			sourceTree = "<group>";
		};
/* End PBXGroup section */

/* Begin PBXNativeTarget section */
		73C6B5D124B17A670070F22B /* WordScramble */ = {
			isa = PBXNativeTarget;
			buildConfigurationList = 73C6B5FC24B17A680070F22B /* Build configuration list for PBXNativeTarget "WordScramble" */;
			buildPhases = (
				73C6B5CE24B17A670070F22B /* Sources */,
				73C6B5CF24B17A670070F22B /* Frameworks */,
				73C6B5D024B17A670070F22B /* Resources */,
			);
			buildRules = (
			);
			dependencies = (
			);
			name = WordScramble;
			productName = WordScramble;
			productReference = 73C6B5D224B17A670070F22B /* WordScramble.app */;
			productType = "com.apple.product-type.application";
		};
		73C6B5E724B17A680070F22B /* WordScrambleTests */ = {
			isa = PBXNativeTarget;
			buildConfigurationList = 73C6B5FF24B17A680070F22B /* Build configuration list for PBXNativeTarget "WordScrambleTests" */;
			buildPhases = (
				73C6B5E424B17A680070F22B /* Sources */,
				73C6B5E524B17A680070F22B /* Frameworks */,
				73C6B5E624B17A680070F22B /* Resources */,
			);
			buildRules = (
			);
			dependencies = (
				73C6B5EA24B17A680070F22B /* PBXTargetDependency */,
			);
			name = WordScrambleTests;
			productName = WordScrambleTests;
			productReference = 73C6B5E824B17A680070F22B /* WordScrambleTests.xctest */;
			productType = "com.apple.product-type.bundle.unit-test";
		};
		73C6B5F224B17A680070F22B /* WordScrambleUITests */ = {
			isa = PBXNativeTarget;
			buildConfigurationList = 73C6B60224B17A680070F22B /* Build configuration list for PBXNativeTarget "WordScrambleUITests" */;
			buildPhases = (
				73C6B5EF24B17A680070F22B /* Sources */,
				73C6B5F024B17A680070F22B /* Frameworks */,
				73C6B5F124B17A680070F22B /* Resources */,
			);
			buildRules = (
			);
			dependencies = (
				73C6B5F524B17A680070F22B /* PBXTargetDependency */,
			);
			name = WordScrambleUITests;
			productName = WordScrambleUITests;
			productReference = 73C6B5F324B17A680070F22B /* WordScrambleUITests.xctest */;
			productType = "com.apple.product-type.bundle.ui-testing";
		};
/* End PBXNativeTarget section */

/* Begin PBXProject section */
		73C6B5CA24B17A670070F22B /* Project object */ = {
			isa = PBXProject;
			attributes = {
				LastSwiftUpdateCheck = 1150;
				LastUpgradeCheck = 1210;
				ORGANIZATIONNAME = "Leonardo Gomes Fernandes";
				TargetAttributes = {
					73C6B5D124B17A670070F22B = {
						CreatedOnToolsVersion = 11.5;
					};
					73C6B5E724B17A680070F22B = {
						CreatedOnToolsVersion = 11.5;
						TestTargetID = 73C6B5D124B17A670070F22B;
					};
					73C6B5F224B17A680070F22B = {
						CreatedOnToolsVersion = 11.5;
						TestTargetID = 73C6B5D124B17A670070F22B;
					};
				};
			};
			buildConfigurationList = 73C6B5CD24B17A670070F22B /* Build configuration list for PBXProject "WordScramble" */;
			compatibilityVersion = "Xcode 9.3";
			developmentRegion = en;
			hasScannedForEncodings = 0;
			knownRegions = (
				en,
				Base,
			);
			mainGroup = 73C6B5C924B17A670070F22B;
			productRefGroup = 73C6B5D324B17A670070F22B /* Products */;
			projectDirPath = "";
			projectRoot = "";
			targets = (
				73C6B5D124B17A670070F22B /* WordScramble */,
				73C6B5E724B17A680070F22B /* WordScrambleTests */,
				73C6B5F224B17A680070F22B /* WordScrambleUITests */,
			);
		};
/* End PBXProject section */

/* Begin PBXResourcesBuildPhase section */
		73C6B5D024B17A670070F22B /* Resources */ = {
			isa = PBXResourcesBuildPhase;
			buildActionMask = 2147483647;
			files = (
				73C6B5E224B17A680070F22B /* LaunchScreen.storyboard in Resources */,
				73C6B60624B17C600070F22B /* start.txt in Resources */,
				73C6B5DF24B17A680070F22B /* Assets.xcassets in Resources */,
				73C6B5DD24B17A670070F22B /* Main.storyboard in Resources */,
			);
			runOnlyForDeploymentPostprocessing = 0;
		};
		73C6B5E624B17A680070F22B /* Resources */ = {
			isa = PBXResourcesBuildPhase;
			buildActionMask = 2147483647;
			files = (
			);
			runOnlyForDeploymentPostprocessing = 0;
		};
		73C6B5F124B17A680070F22B /* Resources */ = {
			isa = PBXResourcesBuildPhase;
			buildActionMask = 2147483647;
			files = (
			);
			runOnlyForDeploymentPostprocessing = 0;
		};
/* End PBXResourcesBuildPhase section */

/* Begin PBXSourcesBuildPhase section */
		73C6B5CE24B17A670070F22B /* Sources */ = {
			isa = PBXSourcesBuildPhase;
			buildActionMask = 2147483647;
			files = (
				73C6B5DA24B17A670070F22B /* ViewController.swift in Sources */,
				73C6B5D624B17A670070F22B /* AppDelegate.swift in Sources */,
				73C6B5D824B17A670070F22B /* SceneDelegate.swift in Sources */,
			);
			runOnlyForDeploymentPostprocessing = 0;
		};
		73C6B5E424B17A680070F22B /* Sources */ = {
			isa = PBXSourcesBuildPhase;
			buildActionMask = 2147483647;
			files = (
				73C6B5ED24B17A680070F22B /* WordScrambleTests.swift in Sources */,
			);
			runOnlyForDeploymentPostprocessing = 0;
		};
		73C6B5EF24B17A680070F22B /* Sources */ = {
			isa = PBXSourcesBuildPhase;
			buildActionMask = 2147483647;
			files = (
				73C6B5F824B17A680070F22B /* WordScrambleUITests.swift in Sources */,
			);
			runOnlyForDeploymentPostprocessing = 0;
		};
/* End PBXSourcesBuildPhase section */

/* Begin PBXTargetDependency section */
		73C6B5EA24B17A680070F22B /* PBXTargetDependency */ = {
			isa = PBXTargetDependency;
			target = 73C6B5D124B17A670070F22B /* WordScramble */;
			targetProxy = 73C6B5E924B17A680070F22B /* PBXContainerItemProxy */;
		};
		73C6B5F524B17A680070F22B /* PBXTargetDependency */ = {
			isa = PBXTargetDependency;
			target = 73C6B5D124B17A670070F22B /* WordScramble */;
			targetProxy = 73C6B5F424B17A680070F22B /* PBXContainerItemProxy */;
		};
/* End PBXTargetDependency section */

/* Begin PBXVariantGroup section */
		73C6B5DB24B17A670070F22B /* Main.storyboard */ = {
			isa = PBXVariantGroup;
			children = (
				73C6B5DC24B17A670070F22B /* Base */,
			);
			name = Main.storyboard;
			sourceTree = "<group>";
		};
		73C6B5E024B17A680070F22B /* LaunchScreen.storyboard */ = {
			isa = PBXVariantGroup;
			children = (
				73C6B5E124B17A680070F22B /* Base */,
			);
			name = LaunchScreen.storyboard;
			sourceTree = "<group>";
		};
/* End PBXVariantGroup section */

/* Begin XCBuildConfiguration section */
		73C6B5FA24B17A680070F22B /* Debug */ = {
			isa = XCBuildConfiguration;
			buildSettings = {
				ALWAYS_SEARCH_USER_PATHS = NO;
				CLANG_ANALYZER_NONNULL = YES;
				CLANG_ANALYZER_NUMBER_OBJECT_CONVERSION = YES_AGGRESSIVE;
				CLANG_CXX_LANGUAGE_STANDARD = "gnu++14";
				CLANG_CXX_LIBRARY = "libc++";
				CLANG_ENABLE_MODULES = YES;
				CLANG_ENABLE_OBJC_ARC = YES;
				CLANG_ENABLE_OBJC_WEAK = YES;
				CLANG_WARN_BLOCK_CAPTURE_AUTORELEASING = YES;
				CLANG_WARN_BOOL_CONVERSION = YES;
				CLANG_WARN_COMMA = YES;
				CLANG_WARN_CONSTANT_CONVERSION = YES;
				CLANG_WARN_DEPRECATED_OBJC_IMPLEMENTATIONS = YES;
				CLANG_WARN_DIRECT_OBJC_ISA_USAGE = YES_ERROR;
				CLANG_WARN_DOCUMENTATION_COMMENTS = YES;
				CLANG_WARN_EMPTY_BODY = YES;
				CLANG_WARN_ENUM_CONVERSION = YES;
				CLANG_WARN_INFINITE_RECURSION = YES;
				CLANG_WARN_INT_CONVERSION = YES;
				CLANG_WARN_NON_LITERAL_NULL_CONVERSION = YES;
				CLANG_WARN_OBJC_IMPLICIT_RETAIN_SELF = YES;
				CLANG_WARN_OBJC_LITERAL_CONVERSION = YES;
				CLANG_WARN_OBJC_ROOT_CLASS = YES_ERROR;
				CLANG_WARN_QUOTED_INCLUDE_IN_FRAMEWORK_HEADER = YES;
				CLANG_WARN_RANGE_LOOP_ANALYSIS = YES;
				CLANG_WARN_STRICT_PROTOTYPES = YES;
				CLANG_WARN_SUSPICIOUS_MOVE = YES;
				CLANG_WARN_UNGUARDED_AVAILABILITY = YES_AGGRESSIVE;
				CLANG_WARN_UNREACHABLE_CODE = YES;
				CLANG_WARN__DUPLICATE_METHOD_MATCH = YES;
				COPY_PHASE_STRIP = NO;
				DEBUG_INFORMATION_FORMAT = dwarf;
				ENABLE_STRICT_OBJC_MSGSEND = YES;
				ENABLE_TESTABILITY = YES;
				GCC_C_LANGUAGE_STANDARD = gnu11;
				GCC_DYNAMIC_NO_PIC = NO;
				GCC_NO_COMMON_BLOCKS = YES;
				GCC_OPTIMIZATION_LEVEL = 0;
				GCC_PREPROCESSOR_DEFINITIONS = (
					"DEBUG=1",
					"$(inherited)",
				);
				GCC_WARN_64_TO_32_BIT_CONVERSION = YES;
				GCC_WARN_ABOUT_RETURN_TYPE = YES_ERROR;
				GCC_WARN_UNDECLARED_SELECTOR = YES;
				GCC_WARN_UNINITIALIZED_AUTOS = YES_AGGRESSIVE;
				GCC_WARN_UNUSED_FUNCTION = YES;
				GCC_WARN_UNUSED_VARIABLE = YES;
				IPHONEOS_DEPLOYMENT_TARGET = 13.5;
				MTL_ENABLE_DEBUG_INFO = INCLUDE_SOURCE;
				MTL_FAST_MATH = YES;
				ONLY_ACTIVE_ARCH = YES;
				SDKROOT = iphoneos;
				SWIFT_ACTIVE_COMPILATION_CONDITIONS = DEBUG;
				SWIFT_OPTIMIZATION_LEVEL = "-Onone";
			};
			name = Debug;
		};
		73C6B5FB24B17A680070F22B /* Release */ = {
			isa = XCBuildConfiguration;
			buildSettings = {
				ALWAYS_SEARCH_USER_PATHS = NO;
				CLANG_ANALYZER_NONNULL = YES;
				CLANG_ANALYZER_NUMBER_OBJECT_CONVERSION = YES_AGGRESSIVE;
				CLANG_CXX_LANGUAGE_STANDARD = "gnu++14";
				CLANG_CXX_LIBRARY = "libc++";
				CLANG_ENABLE_MODULES = YES;
				CLANG_ENABLE_OBJC_ARC = YES;
				CLANG_ENABLE_OBJC_WEAK = YES;
				CLANG_WARN_BLOCK_CAPTURE_AUTORELEASING = YES;
				CLANG_WARN_BOOL_CONVERSION = YES;
				CLANG_WARN_COMMA = YES;
				CLANG_WARN_CONSTANT_CONVERSION = YES;
				CLANG_WARN_DEPRECATED_OBJC_IMPLEMENTATIONS = YES;
				CLANG_WARN_DIRECT_OBJC_ISA_USAGE = YES_ERROR;
				CLANG_WARN_DOCUMENTATION_COMMENTS = YES;
				CLANG_WARN_EMPTY_BODY = YES;
				CLANG_WARN_ENUM_CONVERSION = YES;
				CLANG_WARN_INFINITE_RECURSION = YES;
				CLANG_WARN_INT_CONVERSION = YES;
				CLANG_WARN_NON_LITERAL_NULL_CONVERSION = YES;
				CLANG_WARN_OBJC_IMPLICIT_RETAIN_SELF = YES;
				CLANG_WARN_OBJC_LITERAL_CONVERSION = YES;
				CLANG_WARN_OBJC_ROOT_CLASS = YES_ERROR;
				CLANG_WARN_QUOTED_INCLUDE_IN_FRAMEWORK_HEADER = YES;
				CLANG_WARN_RANGE_LOOP_ANALYSIS = YES;
				CLANG_WARN_STRICT_PROTOTYPES = YES;
				CLANG_WARN_SUSPICIOUS_MOVE = YES;
				CLANG_WARN_UNGUARDED_AVAILABILITY = YES_AGGRESSIVE;
				CLANG_WARN_UNREACHABLE_CODE = YES;
				CLANG_WARN__DUPLICATE_METHOD_MATCH = YES;
				COPY_PHASE_STRIP = NO;
				DEBUG_INFORMATION_FORMAT = "dwarf-with-dsym";
				ENABLE_NS_ASSERTIONS = NO;
				ENABLE_STRICT_OBJC_MSGSEND = YES;
				GCC_C_LANGUAGE_STANDARD = gnu11;
				GCC_NO_COMMON_BLOCKS = YES;
				GCC_WARN_64_TO_32_BIT_CONVERSION = YES;
				GCC_WARN_ABOUT_RETURN_TYPE = YES_ERROR;
				GCC_WARN_UNDECLARED_SELECTOR = YES;
				GCC_WARN_UNINITIALIZED_AUTOS = YES_AGGRESSIVE;
				GCC_WARN_UNUSED_FUNCTION = YES;
				GCC_WARN_UNUSED_VARIABLE = YES;
				IPHONEOS_DEPLOYMENT_TARGET = 13.5;
				MTL_ENABLE_DEBUG_INFO = NO;
				MTL_FAST_MATH = YES;
				SDKROOT = iphoneos;
				SWIFT_COMPILATION_MODE = wholemodule;
				SWIFT_OPTIMIZATION_LEVEL = "-O";
				VALIDATE_PRODUCT = YES;
			};
			name = Release;
		};
		73C6B5FD24B17A680070F22B /* Debug */ = {
			isa = XCBuildConfiguration;
			buildSettings = {
				ASSETCATALOG_COMPILER_APPICON_NAME = AppIcon;
				CODE_SIGN_STYLE = Automatic;
				DEVELOPMENT_TEAM = 38KM4K4A3R;
				INFOPLIST_FILE = WordScramble/Info.plist;
				LD_RUNPATH_SEARCH_PATHS = (
					"$(inherited)",
					"@executable_path/Frameworks",
				);
				PRODUCT_BUNDLE_IDENTIFIER = com.leo.gomes.WordScramble;
				PRODUCT_NAME = "$(TARGET_NAME)";
				SWIFT_VERSION = 5.0;
				TARGETED_DEVICE_FAMILY = "1,2";
			};
			name = Debug;
		};
		73C6B5FE24B17A680070F22B /* Release */ = {
			isa = XCBuildConfiguration;
			buildSettings = {
				ASSETCATALOG_COMPILER_APPICON_NAME = AppIcon;
				CODE_SIGN_STYLE = Automatic;
				DEVELOPMENT_TEAM = 38KM4K4A3R;
				INFOPLIST_FILE = WordScramble/Info.plist;
				LD_RUNPATH_SEARCH_PATHS = (
					"$(inherited)",
					"@executable_path/Frameworks",
				);
				PRODUCT_BUNDLE_IDENTIFIER = com.leo.gomes.WordScramble;
				PRODUCT_NAME = "$(TARGET_NAME)";
				SWIFT_VERSION = 5.0;
				TARGETED_DEVICE_FAMILY = "1,2";
			};
			name = Release;
		};
		73C6B60024B17A680070F22B /* Debug */ = {
			isa = XCBuildConfiguration;
			buildSettings = {
				ALWAYS_EMBED_SWIFT_STANDARD_LIBRARIES = YES;
				BUNDLE_LOADER = "$(TEST_HOST)";
				CODE_SIGN_STYLE = Automatic;
				DEVELOPMENT_TEAM = 38KM4K4A3R;
				INFOPLIST_FILE = WordScrambleTests/Info.plist;
				IPHONEOS_DEPLOYMENT_TARGET = 13.5;
				LD_RUNPATH_SEARCH_PATHS = (
					"$(inherited)",
					"@executable_path/Frameworks",
					"@loader_path/Frameworks",
				);
				PRODUCT_BUNDLE_IDENTIFIER = com.leo.gomes.WordScrambleTests;
				PRODUCT_NAME = "$(TARGET_NAME)";
				SWIFT_VERSION = 5.0;
				TARGETED_DEVICE_FAMILY = "1,2";
				TEST_HOST = "$(BUILT_PRODUCTS_DIR)/WordScramble.app/WordScramble";
			};
			name = Debug;
		};
		73C6B60124B17A680070F22B /* Release */ = {
			isa = XCBuildConfiguration;
			buildSettings = {
				ALWAYS_EMBED_SWIFT_STANDARD_LIBRARIES = YES;
				BUNDLE_LOADER = "$(TEST_HOST)";
				CODE_SIGN_STYLE = Automatic;
				DEVELOPMENT_TEAM = 38KM4K4A3R;
				INFOPLIST_FILE = WordScrambleTests/Info.plist;
				IPHONEOS_DEPLOYMENT_TARGET = 13.5;
				LD_RUNPATH_SEARCH_PATHS = (
					"$(inherited)",
					"@executable_path/Frameworks",
					"@loader_path/Frameworks",
				);
				PRODUCT_BUNDLE_IDENTIFIER = com.leo.gomes.WordScrambleTests;
				PRODUCT_NAME = "$(TARGET_NAME)";
				SWIFT_VERSION = 5.0;
				TARGETED_DEVICE_FAMILY = "1,2";
				TEST_HOST = "$(BUILT_PRODUCTS_DIR)/WordScramble.app/WordScramble";
			};
			name = Release;
		};
		73C6B60324B17A680070F22B /* Debug */ = {
			isa = XCBuildConfiguration;
			buildSettings = {
				ALWAYS_EMBED_SWIFT_STANDARD_LIBRARIES = YES;
				CODE_SIGN_STYLE = Automatic;
				DEVELOPMENT_TEAM = 38KM4K4A3R;
				INFOPLIST_FILE = WordScrambleUITests/Info.plist;
				LD_RUNPATH_SEARCH_PATHS = (
					"$(inherited)",
					"@executable_path/Frameworks",
					"@loader_path/Frameworks",
				);
				PRODUCT_BUNDLE_IDENTIFIER = com.leo.gomes.WordScrambleUITests;
				PRODUCT_NAME = "$(TARGET_NAME)";
				SWIFT_VERSION = 5.0;
				TARGETED_DEVICE_FAMILY = "1,2";
				TEST_TARGET_NAME = WordScramble;
			};
			name = Debug;
		};
		73C6B60424B17A680070F22B /* Release */ = {
			isa = XCBuildConfiguration;
			buildSettings = {
				ALWAYS_EMBED_SWIFT_STANDARD_LIBRARIES = YES;
				CODE_SIGN_STYLE = Automatic;
				DEVELOPMENT_TEAM = 38KM4K4A3R;
				INFOPLIST_FILE = WordScrambleUITests/Info.plist;
				LD_RUNPATH_SEARCH_PATHS = (
					"$(inherited)",
					"@executable_path/Frameworks",
					"@loader_path/Frameworks",
				);
				PRODUCT_BUNDLE_IDENTIFIER = com.leo.gomes.WordScrambleUITests;
				PRODUCT_NAME = "$(TARGET_NAME)";
				SWIFT_VERSION = 5.0;
				TARGETED_DEVICE_FAMILY = "1,2";
				TEST_TARGET_NAME = WordScramble;
			};
			name = Release;
		};
/* End XCBuildConfiguration section */

/* Begin XCConfigurationList section */
		73C6B5CD24B17A670070F22B /* Build configuration list for PBXProject "WordScramble" */ = {
			isa = XCConfigurationList;
			buildConfigurations = (
				73C6B5FA24B17A680070F22B /* Debug */,
				73C6B5FB24B17A680070F22B /* Release */,
			);
			defaultConfigurationIsVisible = 0;
			defaultConfigurationName = Release;
		};
		73C6B5FC24B17A680070F22B /* Build configuration list for PBXNativeTarget "WordScramble" */ = {
			isa = XCConfigurationList;
			buildConfigurations = (
				73C6B5FD24B17A680070F22B /* Debug */,
				73C6B5FE24B17A680070F22B /* Release */,
			);
			defaultConfigurationIsVisible = 0;
			defaultConfigurationName = Release;
		};
		73C6B5FF24B17A680070F22B /* Build configuration list for PBXNativeTarget "WordScrambleTests" */ = {
			isa = XCConfigurationList;
			buildConfigurations = (
				73C6B60024B17A680070F22B /* Debug */,
				73C6B60124B17A680070F22B /* Release */,
			);
			defaultConfigurationIsVisible = 0;
			defaultConfigurationName = Release;
		};
		73C6B60224B17A680070F22B /* Build configuration list for PBXNativeTarget "WordScrambleUITests" */ = {
			isa = XCConfigurationList;
			buildConfigurations = (
				73C6B60324B17A680070F22B /* Debug */,
				73C6B60424B17A680070F22B /* Release */,
			);
			defaultConfigurationIsVisible = 0;
			defaultConfigurationName = Release;
		};
/* End XCConfigurationList section */
	};
	rootObject = 73C6B5CA24B17A670070F22B /* Project object */;
}
